<?xml version="1.0" encoding="utf-8"?>
<Project ToolsVersion="4.0" xmlns="http://schemas.microsoft.com/developer/msbuild/2003">
  <ItemGroup>
    <Filter Include="Source Files">
      <UniqueIdentifier>{4FC737F1-C7A5-4376-A066-2A32D752A2FF}</UniqueIdentifier>
      <Extensions>cpp;c;cc;cxx;def;odl;idl;hpj;bat;asm;asmx</Extensions>
    </Filter>
    <Filter Include="Header Files">
      <UniqueIdentifier>{93995380-89BD-4b04-88EB-625FBE52EBFB}</UniqueIdentifier>
      <Extensions>h;hh;hpp;hxx;hm;inl;inc;xsd</Extensions>
    </Filter>
    <Filter Include="Resource Files">
      <UniqueIdentifier>{67DA6AB6-F800-4c08-8B7A-83BB121AAD01}</UniqueIdentifier>
      <Extensions>rc;ico;cur;bmp;dlg;rc2;rct;bin;rgs;gif;jpg;jpeg;jpe;resx;tiff;tif;png;wav</Extensions>
    </Filter>
    <Filter Include="Header Files\Common">
      <UniqueIdentifier>{2d71d099-ed62-4bbe-bd87-f97dfa294129}</UniqueIdentifier>
    </Filter>
    <Filter Include="Source Files\tests">
      <UniqueIdentifier>{6f62514b-f37d-4eeb-84c4-6ede19c9fbab}</UniqueIdentifier>
    </Filter>
    <Filter Include="Header Files\View">
      <UniqueIdentifier>{b5d9165d-c172-4947-8b1d-6f0a0b9b102d}</UniqueIdentifier>
    </Filter>
    <Filter Include="Header Files\Service">
      <UniqueIdentifier>{4c768dd9-5c0f-4f88-ae85-1977b47fc707}</UniqueIdentifier>
    </Filter>
    <Filter Include="Header Files\Persistence">
      <UniqueIdentifier>{bd4a0119-67f8-40ec-aad6-05ab883114ae}</UniqueIdentifier>
    </Filter>
    <Filter Include="Source Files\View">
      <UniqueIdentifier>{cacccfde-565e-4184-ad94-17c75d166ac7}</UniqueIdentifier>
    </Filter>
    <Filter Include="Source Files\Service">
      <UniqueIdentifier>{413f4d03-a9da-46c2-be71-0260414248b4}</UniqueIdentifier>
    </Filter>
    <Filter Include="Source Files\Persistence">
      <UniqueIdentifier>{23c8f12f-16a6-4bdf-b708-449a901d314d}</UniqueIdentifier>
    </Filter>
  </ItemGroup>
  <ItemGroup>
    <ClInclude Include="Common.h">
      <Filter>Header Files\Common</Filter>
    </ClInclude>
  </ItemGroup>
  <ItemGroup>
    <ClCompile Include="test_common.c">
      <Filter>Source Files</Filter>
    </ClCompile>
  </ItemGroup>
</Project>